// !$*UTF8*$!
{
	archiveVersion = 1;
	classes = {
	};
	objectVersion = 46;
	objects = {

/* Begin PBXBuildFile section */
		4DD863825138D73E3439FAFB /* Pods_AppUsers.framework in Frameworks */ = {isa = PBXBuildFile; fileRef = EFD3D87EFC05E125ADDDFBBF /* Pods_AppUsers.framework */; };
		80F10CF01F2CF1A200A11EBF /* AppDelegate.swift in Sources */ = {isa = PBXBuildFile; fileRef = 80F10CEF1F2CF1A200A11EBF /* AppDelegate.swift */; };
		80F10CF21F2CF1A200A11EBF /* ViewController.swift in Sources */ = {isa = PBXBuildFile; fileRef = 80F10CF11F2CF1A200A11EBF /* ViewController.swift */; };
		80F10CF51F2CF1A200A11EBF /* Main.storyboard in Resources */ = {isa = PBXBuildFile; fileRef = 80F10CF31F2CF1A200A11EBF /* Main.storyboard */; };
		80F10CF81F2CF1A200A11EBF /* AppUsers.xcdatamodeld in Sources */ = {isa = PBXBuildFile; fileRef = 80F10CF61F2CF1A200A11EBF /* AppUsers.xcdatamodeld */; };
		80F10CFA1F2CF1A200A11EBF /* Assets.xcassets in Resources */ = {isa = PBXBuildFile; fileRef = 80F10CF91F2CF1A200A11EBF /* Assets.xcassets */; };
		80F10CFD1F2CF1A200A11EBF /* LaunchScreen.storyboard in Resources */ = {isa = PBXBuildFile; fileRef = 80F10CFB1F2CF1A200A11EBF /* LaunchScreen.storyboard */; };
		80F10D081F2CF1A200A11EBF /* AppUsersTests.swift in Sources */ = {isa = PBXBuildFile; fileRef = 80F10D071F2CF1A200A11EBF /* AppUsersTests.swift */; };
		80F10D131F2CF1A200A11EBF /* AppUsersUITests.swift in Sources */ = {isa = PBXBuildFile; fileRef = 80F10D121F2CF1A200A11EBF /* AppUsersUITests.swift */; };
		80F10D211F2D21E400A11EBF /* Extensions.swift in Sources */ = {isa = PBXBuildFile; fileRef = 80F10D201F2D21E400A11EBF /* Extensions.swift */; };
		80F10D231F2D2FC700A11EBF /* LeftViewController.swift in Sources */ = {isa = PBXBuildFile; fileRef = 80F10D221F2D2FC700A11EBF /* LeftViewController.swift */; };
		80F10D251F2D30DD00A11EBF /* RightViewController.swift in Sources */ = {isa = PBXBuildFile; fileRef = 80F10D241F2D30DD00A11EBF /* RightViewController.swift */; };
		80F10D271F2D31E700A11EBF /* ContainerViewController.swift in Sources */ = {isa = PBXBuildFile; fileRef = 80F10D261F2D31E700A11EBF /* ContainerViewController.swift */; };
		80F10D291F2D45B100A11EBF /* MainNavigationViewController.swift in Sources */ = {isa = PBXBuildFile; fileRef = 80F10D281F2D45B100A11EBF /* MainNavigationViewController.swift */; };
		9AC6BABE598EEE8C88D965C2 /* Pods_AppUsersTests.framework in Frameworks */ = {isa = PBXBuildFile; fileRef = 70A7260AE191E8BB5BC4F196 /* Pods_AppUsersTests.framework */; };
		A66AB00914049BF207072AF4 /* Pods_AppUsersUITests.framework in Frameworks */ = {isa = PBXBuildFile; fileRef = 4FA0B1E8E25632F3B6F29FA7 /* Pods_AppUsersUITests.framework */; };
/* End PBXBuildFile section */

/* Begin PBXContainerItemProxy section */
		80F10D041F2CF1A200A11EBF /* PBXContainerItemProxy */ = {
			isa = PBXContainerItemProxy;
			containerPortal = 80F10CE41F2CF1A200A11EBF /* Project object */;
			proxyType = 1;
			remoteGlobalIDString = 80F10CEB1F2CF1A200A11EBF;
			remoteInfo = AppUsers;
		};
		80F10D0F1F2CF1A200A11EBF /* PBXContainerItemProxy */ = {
			isa = PBXContainerItemProxy;
			containerPortal = 80F10CE41F2CF1A200A11EBF /* Project object */;
			proxyType = 1;
			remoteGlobalIDString = 80F10CEB1F2CF1A200A11EBF;
			remoteInfo = AppUsers;
		};
/* End PBXContainerItemProxy section */

/* Begin PBXFileReference section */
		4FA0B1E8E25632F3B6F29FA7 /* Pods_AppUsersUITests.framework */ = {isa = PBXFileReference; explicitFileType = wrapper.framework; includeInIndex = 0; path = Pods_AppUsersUITests.framework; sourceTree = BUILT_PRODUCTS_DIR; };
		70A7260AE191E8BB5BC4F196 /* Pods_AppUsersTests.framework */ = {isa = PBXFileReference; explicitFileType = wrapper.framework; includeInIndex = 0; path = Pods_AppUsersTests.framework; sourceTree = BUILT_PRODUCTS_DIR; };
		7145A3BC08CE608AFCAFC3EB /* Pods-AppUsersTests.debug.xcconfig */ = {isa = PBXFileReference; includeInIndex = 1; lastKnownFileType = text.xcconfig; name = "Pods-AppUsersTests.debug.xcconfig"; path = "Pods/Target Support Files/Pods-AppUsersTests/Pods-AppUsersTests.debug.xcconfig"; sourceTree = "<group>"; };
		80F10CEC1F2CF1A200A11EBF /* AppUsers.app */ = {isa = PBXFileReference; explicitFileType = wrapper.application; includeInIndex = 0; path = AppUsers.app; sourceTree = BUILT_PRODUCTS_DIR; };
		80F10CEF1F2CF1A200A11EBF /* AppDelegate.swift */ = {isa = PBXFileReference; lastKnownFileType = sourcecode.swift; path = AppDelegate.swift; sourceTree = "<group>"; };
		80F10CF11F2CF1A200A11EBF /* ViewController.swift */ = {isa = PBXFileReference; lastKnownFileType = sourcecode.swift; path = ViewController.swift; sourceTree = "<group>"; };
		80F10CF41F2CF1A200A11EBF /* Base */ = {isa = PBXFileReference; lastKnownFileType = file.storyboard; name = Base; path = Base.lproj/Main.storyboard; sourceTree = "<group>"; };
		80F10CF71F2CF1A200A11EBF /* AppUsers.xcdatamodel */ = {isa = PBXFileReference; lastKnownFileType = wrapper.xcdatamodel; path = AppUsers.xcdatamodel; sourceTree = "<group>"; };
		80F10CF91F2CF1A200A11EBF /* Assets.xcassets */ = {isa = PBXFileReference; lastKnownFileType = folder.assetcatalog; path = Assets.xcassets; sourceTree = "<group>"; };
		80F10CFC1F2CF1A200A11EBF /* Base */ = {isa = PBXFileReference; lastKnownFileType = file.storyboard; name = Base; path = Base.lproj/LaunchScreen.storyboard; sourceTree = "<group>"; };
		80F10CFE1F2CF1A200A11EBF /* Info.plist */ = {isa = PBXFileReference; lastKnownFileType = text.plist.xml; path = Info.plist; sourceTree = "<group>"; };
		80F10D031F2CF1A200A11EBF /* AppUsersTests.xctest */ = {isa = PBXFileReference; explicitFileType = wrapper.cfbundle; includeInIndex = 0; path = AppUsersTests.xctest; sourceTree = BUILT_PRODUCTS_DIR; };
		80F10D071F2CF1A200A11EBF /* AppUsersTests.swift */ = {isa = PBXFileReference; lastKnownFileType = sourcecode.swift; path = AppUsersTests.swift; sourceTree = "<group>"; };
		80F10D091F2CF1A200A11EBF /* Info.plist */ = {isa = PBXFileReference; lastKnownFileType = text.plist.xml; path = Info.plist; sourceTree = "<group>"; };
		80F10D0E1F2CF1A200A11EBF /* AppUsersUITests.xctest */ = {isa = PBXFileReference; explicitFileType = wrapper.cfbundle; includeInIndex = 0; path = AppUsersUITests.xctest; sourceTree = BUILT_PRODUCTS_DIR; };
		80F10D121F2CF1A200A11EBF /* AppUsersUITests.swift */ = {isa = PBXFileReference; lastKnownFileType = sourcecode.swift; path = AppUsersUITests.swift; sourceTree = "<group>"; };
		80F10D141F2CF1A200A11EBF /* Info.plist */ = {isa = PBXFileReference; lastKnownFileType = text.plist.xml; path = Info.plist; sourceTree = "<group>"; };
		80F10D201F2D21E400A11EBF /* Extensions.swift */ = {isa = PBXFileReference; fileEncoding = 4; lastKnownFileType = sourcecode.swift; path = Extensions.swift; sourceTree = "<group>"; };
		80F10D221F2D2FC700A11EBF /* LeftViewController.swift */ = {isa = PBXFileReference; fileEncoding = 4; lastKnownFileType = sourcecode.swift; path = LeftViewController.swift; sourceTree = "<group>"; };
		80F10D241F2D30DD00A11EBF /* RightViewController.swift */ = {isa = PBXFileReference; fileEncoding = 4; lastKnownFileType = sourcecode.swift; path = RightViewController.swift; sourceTree = "<group>"; };
		80F10D261F2D31E700A11EBF /* ContainerViewController.swift */ = {isa = PBXFileReference; fileEncoding = 4; lastKnownFileType = sourcecode.swift; path = ContainerViewController.swift; sourceTree = "<group>"; };
		80F10D281F2D45B100A11EBF /* MainNavigationViewController.swift */ = {isa = PBXFileReference; fileEncoding = 4; lastKnownFileType = sourcecode.swift; path = MainNavigationViewController.swift; sourceTree = "<group>"; };
		863B5520887D068D2ED24147 /* Pods-AppUsersTests.release.xcconfig */ = {isa = PBXFileReference; includeInIndex = 1; lastKnownFileType = text.xcconfig; name = "Pods-AppUsersTests.release.xcconfig"; path = "Pods/Target Support Files/Pods-AppUsersTests/Pods-AppUsersTests.release.xcconfig"; sourceTree = "<group>"; };
		93AB3E6C28437765EAAC703D /* Pods-AppUsersUITests.release.xcconfig */ = {isa = PBXFileReference; includeInIndex = 1; lastKnownFileType = text.xcconfig; name = "Pods-AppUsersUITests.release.xcconfig"; path = "Pods/Target Support Files/Pods-AppUsersUITests/Pods-AppUsersUITests.release.xcconfig"; sourceTree = "<group>"; };
		AE8DDBD95E3C3D5453BD9D2C /* Pods-AppUsersUITests.debug.xcconfig */ = {isa = PBXFileReference; includeInIndex = 1; lastKnownFileType = text.xcconfig; name = "Pods-AppUsersUITests.debug.xcconfig"; path = "Pods/Target Support Files/Pods-AppUsersUITests/Pods-AppUsersUITests.debug.xcconfig"; sourceTree = "<group>"; };
		E6AFFFFC51DB4A5EBA115D67 /* Pods-AppUsers.debug.xcconfig */ = {isa = PBXFileReference; includeInIndex = 1; lastKnownFileType = text.xcconfig; name = "Pods-AppUsers.debug.xcconfig"; path = "Pods/Target Support Files/Pods-AppUsers/Pods-AppUsers.debug.xcconfig"; sourceTree = "<group>"; };
		EFD3D87EFC05E125ADDDFBBF /* Pods_AppUsers.framework */ = {isa = PBXFileReference; explicitFileType = wrapper.framework; includeInIndex = 0; path = Pods_AppUsers.framework; sourceTree = BUILT_PRODUCTS_DIR; };
		FDB174263BD3912DAEB75093 /* Pods-AppUsers.release.xcconfig */ = {isa = PBXFileReference; includeInIndex = 1; lastKnownFileType = text.xcconfig; name = "Pods-AppUsers.release.xcconfig"; path = "Pods/Target Support Files/Pods-AppUsers/Pods-AppUsers.release.xcconfig"; sourceTree = "<group>"; };
/* End PBXFileReference section */

/* Begin PBXFrameworksBuildPhase section */
		80F10CE91F2CF1A200A11EBF /* Frameworks */ = {
			isa = PBXFrameworksBuildPhase;
			buildActionMask = 2147483647;
			files = (
				4DD863825138D73E3439FAFB /* Pods_AppUsers.framework in Frameworks */,
			);
			runOnlyForDeploymentPostprocessing = 0;
		};
		80F10D001F2CF1A200A11EBF /* Frameworks */ = {
			isa = PBXFrameworksBuildPhase;
			buildActionMask = 2147483647;
			files = (
				9AC6BABE598EEE8C88D965C2 /* Pods_AppUsersTests.framework in Frameworks */,
			);
			runOnlyForDeploymentPostprocessing = 0;
		};
		80F10D0B1F2CF1A200A11EBF /* Frameworks */ = {
			isa = PBXFrameworksBuildPhase;
			buildActionMask = 2147483647;
			files = (
				A66AB00914049BF207072AF4 /* Pods_AppUsersUITests.framework in Frameworks */,
			);
			runOnlyForDeploymentPostprocessing = 0;
		};
/* End PBXFrameworksBuildPhase section */

/* Begin PBXGroup section */
		10B4D71609734385174A4A1A /* Pods */ = {
			isa = PBXGroup;
			children = (
				E6AFFFFC51DB4A5EBA115D67 /* Pods-AppUsers.debug.xcconfig */,
				FDB174263BD3912DAEB75093 /* Pods-AppUsers.release.xcconfig */,
				7145A3BC08CE608AFCAFC3EB /* Pods-AppUsersTests.debug.xcconfig */,
				863B5520887D068D2ED24147 /* Pods-AppUsersTests.release.xcconfig */,
				AE8DDBD95E3C3D5453BD9D2C /* Pods-AppUsersUITests.debug.xcconfig */,
				93AB3E6C28437765EAAC703D /* Pods-AppUsersUITests.release.xcconfig */,
			);
			name = Pods;
			sourceTree = "<group>";
		};
		76989602ECCECD0C3D3952E5 /* Frameworks */ = {
			isa = PBXGroup;
			children = (
				EFD3D87EFC05E125ADDDFBBF /* Pods_AppUsers.framework */,
				70A7260AE191E8BB5BC4F196 /* Pods_AppUsersTests.framework */,
				4FA0B1E8E25632F3B6F29FA7 /* Pods_AppUsersUITests.framework */,
			);
			name = Frameworks;
			sourceTree = "<group>";
		};
		80F10CE31F2CF1A200A11EBF = {
			isa = PBXGroup;
			children = (
				80F10CEE1F2CF1A200A11EBF /* AppUsers */,
				80F10D061F2CF1A200A11EBF /* AppUsersTests */,
				80F10D111F2CF1A200A11EBF /* AppUsersUITests */,
				80F10CED1F2CF1A200A11EBF /* Products */,
				10B4D71609734385174A4A1A /* Pods */,
				76989602ECCECD0C3D3952E5 /* Frameworks */,
			);
			sourceTree = "<group>";
		};
		80F10CED1F2CF1A200A11EBF /* Products */ = {
			isa = PBXGroup;
			children = (
				80F10CEC1F2CF1A200A11EBF /* AppUsers.app */,
				80F10D031F2CF1A200A11EBF /* AppUsersTests.xctest */,
				80F10D0E1F2CF1A200A11EBF /* AppUsersUITests.xctest */,
			);
			name = Products;
			sourceTree = "<group>";
		};
		80F10CEE1F2CF1A200A11EBF /* AppUsers */ = {
			isa = PBXGroup;
			children = (
				80F10CEF1F2CF1A200A11EBF /* AppDelegate.swift */,
				80F10CF11F2CF1A200A11EBF /* ViewController.swift */,
				80F10CF31F2CF1A200A11EBF /* Main.storyboard */,
				80F10CF91F2CF1A200A11EBF /* Assets.xcassets */,
				80F10CFB1F2CF1A200A11EBF /* LaunchScreen.storyboard */,
				80F10CFE1F2CF1A200A11EBF /* Info.plist */,
				80F10D221F2D2FC700A11EBF /* LeftViewController.swift */,
				80F10D201F2D21E400A11EBF /* Extensions.swift */,
				80F10CF61F2CF1A200A11EBF /* AppUsers.xcdatamodeld */,
				80F10D241F2D30DD00A11EBF /* RightViewController.swift */,
				80F10D261F2D31E700A11EBF /* ContainerViewController.swift */,
				80F10D281F2D45B100A11EBF /* MainNavigationViewController.swift */,
			);
			path = AppUsers;
			sourceTree = "<group>";
		};
		80F10D061F2CF1A200A11EBF /* AppUsersTests */ = {
			isa = PBXGroup;
			children = (
				80F10D071F2CF1A200A11EBF /* AppUsersTests.swift */,
				80F10D091F2CF1A200A11EBF /* Info.plist */,
			);
			path = AppUsersTests;
			sourceTree = "<group>";
		};
		80F10D111F2CF1A200A11EBF /* AppUsersUITests */ = {
			isa = PBXGroup;
			children = (
				80F10D121F2CF1A200A11EBF /* AppUsersUITests.swift */,
				80F10D141F2CF1A200A11EBF /* Info.plist */,
			);
			path = AppUsersUITests;
			sourceTree = "<group>";
		};
/* End PBXGroup section */

/* Begin PBXNativeTarget section */
		80F10CEB1F2CF1A200A11EBF /* AppUsers */ = {
			isa = PBXNativeTarget;
			buildConfigurationList = 80F10D171F2CF1A200A11EBF /* Build configuration list for PBXNativeTarget "AppUsers" */;
			buildPhases = (
				E94D96CECA6A8CE71DD05EFB /* [CP] Check Pods Manifest.lock */,
				80F10CE81F2CF1A200A11EBF /* Sources */,
				80F10CE91F2CF1A200A11EBF /* Frameworks */,
				80F10CEA1F2CF1A200A11EBF /* Resources */,
				CA479B30A94740A90945985F /* [CP] Embed Pods Frameworks */,
				CA8609B978D90FA7BABD55A6 /* [CP] Copy Pods Resources */,
			);
			buildRules = (
			);
			dependencies = (
			);
			name = AppUsers;
			productName = AppUsers;
			productReference = 80F10CEC1F2CF1A200A11EBF /* AppUsers.app */;
			productType = "com.apple.product-type.application";
		};
		80F10D021F2CF1A200A11EBF /* AppUsersTests */ = {
			isa = PBXNativeTarget;
			buildConfigurationList = 80F10D1A1F2CF1A200A11EBF /* Build configuration list for PBXNativeTarget "AppUsersTests" */;
			buildPhases = (
				0D07F2335E299C0E34BC2D47 /* [CP] Check Pods Manifest.lock */,
				80F10CFF1F2CF1A200A11EBF /* Sources */,
				80F10D001F2CF1A200A11EBF /* Frameworks */,
				80F10D011F2CF1A200A11EBF /* Resources */,
				C4C7AA70A6244F9182203882 /* [CP] Embed Pods Frameworks */,
				30943B279C7B05E106592737 /* [CP] Copy Pods Resources */,
			);
			buildRules = (
			);
			dependencies = (
				80F10D051F2CF1A200A11EBF /* PBXTargetDependency */,
			);
			name = AppUsersTests;
			productName = AppUsersTests;
			productReference = 80F10D031F2CF1A200A11EBF /* AppUsersTests.xctest */;
			productType = "com.apple.product-type.bundle.unit-test";
		};
		80F10D0D1F2CF1A200A11EBF /* AppUsersUITests */ = {
			isa = PBXNativeTarget;
			buildConfigurationList = 80F10D1D1F2CF1A200A11EBF /* Build configuration list for PBXNativeTarget "AppUsersUITests" */;
			buildPhases = (
				28F1A70D8D49640863E4A156 /* [CP] Check Pods Manifest.lock */,
				80F10D0A1F2CF1A200A11EBF /* Sources */,
				80F10D0B1F2CF1A200A11EBF /* Frameworks */,
				80F10D0C1F2CF1A200A11EBF /* Resources */,
				95B8684CF339AA7B60965B3F /* [CP] Embed Pods Frameworks */,
				3160BC0B0A99B80E60E200D4 /* [CP] Copy Pods Resources */,
			);
			buildRules = (
			);
			dependencies = (
				80F10D101F2CF1A200A11EBF /* PBXTargetDependency */,
			);
			name = AppUsersUITests;
			productName = AppUsersUITests;
			productReference = 80F10D0E1F2CF1A200A11EBF /* AppUsersUITests.xctest */;
			productType = "com.apple.product-type.bundle.ui-testing";
		};
/* End PBXNativeTarget section */

/* Begin PBXProject section */
		80F10CE41F2CF1A200A11EBF /* Project object */ = {
			isa = PBXProject;
			attributes = {
				LastSwiftUpdateCheck = 0830;
				LastUpgradeCheck = 0830;
				ORGANIZATIONNAME = Moises;
				TargetAttributes = {
					80F10CEB1F2CF1A200A11EBF = {
						CreatedOnToolsVersion = 8.3.3;
						ProvisioningStyle = Automatic;
					};
					80F10D021F2CF1A200A11EBF = {
						CreatedOnToolsVersion = 8.3.3;
						ProvisioningStyle = Automatic;
						TestTargetID = 80F10CEB1F2CF1A200A11EBF;
					};
					80F10D0D1F2CF1A200A11EBF = {
						CreatedOnToolsVersion = 8.3.3;
						ProvisioningStyle = Automatic;
						TestTargetID = 80F10CEB1F2CF1A200A11EBF;
					};
				};
			};
			buildConfigurationList = 80F10CE71F2CF1A200A11EBF /* Build configuration list for PBXProject "AppUsers" */;
			compatibilityVersion = "Xcode 3.2";
			developmentRegion = English;
			hasScannedForEncodings = 0;
			knownRegions = (
				en,
				Base,
			);
			mainGroup = 80F10CE31F2CF1A200A11EBF;
			productRefGroup = 80F10CED1F2CF1A200A11EBF /* Products */;
			projectDirPath = "";
			projectRoot = "";
			targets = (
				80F10CEB1F2CF1A200A11EBF /* AppUsers */,
				80F10D021F2CF1A200A11EBF /* AppUsersTests */,
				80F10D0D1F2CF1A200A11EBF /* AppUsersUITests */,
			);
		};
/* End PBXProject section */

/* Begin PBXResourcesBuildPhase section */
		80F10CEA1F2CF1A200A11EBF /* Resources */ = {
			isa = PBXResourcesBuildPhase;
			buildActionMask = 2147483647;
			files = (
				80F10CFD1F2CF1A200A11EBF /* LaunchScreen.storyboard in Resources */,
				80F10CFA1F2CF1A200A11EBF /* Assets.xcassets in Resources */,
				80F10CF51F2CF1A200A11EBF /* Main.storyboard in Resources */,
			);
			runOnlyForDeploymentPostprocessing = 0;
		};
		80F10D011F2CF1A200A11EBF /* Resources */ = {
			isa = PBXResourcesBuildPhase;
			buildActionMask = 2147483647;
			files = (
			);
			runOnlyForDeploymentPostprocessing = 0;
		};
		80F10D0C1F2CF1A200A11EBF /* Resources */ = {
			isa = PBXResourcesBuildPhase;
			buildActionMask = 2147483647;
			files = (
			);
			runOnlyForDeploymentPostprocessing = 0;
		};
/* End PBXResourcesBuildPhase section */

/* Begin PBXShellScriptBuildPhase section */
		0D07F2335E299C0E34BC2D47 /* [CP] Check Pods Manifest.lock */ = {
			isa = PBXShellScriptBuildPhase;
			buildActionMask = 2147483647;
			files = (
			);
			inputPaths = (
			);
			name = "[CP] Check Pods Manifest.lock";
			outputPaths = (
			);
			runOnlyForDeploymentPostprocessing = 0;
			shellPath = /bin/sh;
			shellScript = "diff \"${PODS_PODFILE_DIR_PATH}/Podfile.lock\" \"${PODS_ROOT}/Manifest.lock\" > /dev/null\nif [ $? != 0 ] ; then\n    # print error to STDERR\n    echo \"error: The sandbox is not in sync with the Podfile.lock. Run 'pod install' or update your CocoaPods installation.\" >&2\n    exit 1\nfi\n";
			showEnvVarsInLog = 0;
		};
		28F1A70D8D49640863E4A156 /* [CP] Check Pods Manifest.lock */ = {
			isa = PBXShellScriptBuildPhase;
			buildActionMask = 2147483647;
			files = (
			);
			inputPaths = (
			);
			name = "[CP] Check Pods Manifest.lock";
			outputPaths = (
			);
			runOnlyForDeploymentPostprocessing = 0;
			shellPath = /bin/sh;
			shellScript = "diff \"${PODS_PODFILE_DIR_PATH}/Podfile.lock\" \"${PODS_ROOT}/Manifest.lock\" > /dev/null\nif [ $? != 0 ] ; then\n    # print error to STDERR\n    echo \"error: The sandbox is not in sync with the Podfile.lock. Run 'pod install' or update your CocoaPods installation.\" >&2\n    exit 1\nfi\n";
			showEnvVarsInLog = 0;
		};
		30943B279C7B05E106592737 /* [CP] Copy Pods Resources */ = {
			isa = PBXShellScriptBuildPhase;
			buildActionMask = 2147483647;
			files = (
			);
			inputPaths = (
			);
			name = "[CP] Copy Pods Resources";
			outputPaths = (
			);
			runOnlyForDeploymentPostprocessing = 0;
			shellPath = /bin/sh;
			shellScript = "\"${SRCROOT}/Pods/Target Support Files/Pods-AppUsersTests/Pods-AppUsersTests-resources.sh\"\n";
			showEnvVarsInLog = 0;
		};
		3160BC0B0A99B80E60E200D4 /* [CP] Copy Pods Resources */ = {
			isa = PBXShellScriptBuildPhase;
			buildActionMask = 2147483647;
			files = (
			);
			inputPaths = (
			);
			name = "[CP] Copy Pods Resources";
			outputPaths = (
			);
			runOnlyForDeploymentPostprocessing = 0;
			shellPath = /bin/sh;
			shellScript = "\"${SRCROOT}/Pods/Target Support Files/Pods-AppUsersUITests/Pods-AppUsersUITests-resources.sh\"\n";
			showEnvVarsInLog = 0;
		};
		95B8684CF339AA7B60965B3F /* [CP] Embed Pods Frameworks */ = {
			isa = PBXShellScriptBuildPhase;
			buildActionMask = 2147483647;
			files = (
			);
			inputPaths = (
			);
			name = "[CP] Embed Pods Frameworks";
			outputPaths = (
			);
			runOnlyForDeploymentPostprocessing = 0;
			shellPath = /bin/sh;
			shellScript = "\"${SRCROOT}/Pods/Target Support Files/Pods-AppUsersUITests/Pods-AppUsersUITests-frameworks.sh\"\n";
			showEnvVarsInLog = 0;
		};
		C4C7AA70A6244F9182203882 /* [CP] Embed Pods Frameworks */ = {
			isa = PBXShellScriptBuildPhase;
			buildActionMask = 2147483647;
			files = (
			);
			inputPaths = (
			);
			name = "[CP] Embed Pods Frameworks";
			outputPaths = (
			);
			runOnlyForDeploymentPostprocessing = 0;
			shellPath = /bin/sh;
			shellScript = "\"${SRCROOT}/Pods/Target Support Files/Pods-AppUsersTests/Pods-AppUsersTests-frameworks.sh\"\n";
			showEnvVarsInLog = 0;
		};
		CA479B30A94740A90945985F /* [CP] Embed Pods Frameworks */ = {
			isa = PBXShellScriptBuildPhase;
			buildActionMask = 2147483647;
			files = (
			);
			inputPaths = (
			);
			name = "[CP] Embed Pods Frameworks";
			outputPaths = (
			);
			runOnlyForDeploymentPostprocessing = 0;
			shellPath = /bin/sh;
			shellScript = "\"${SRCROOT}/Pods/Target Support Files/Pods-AppUsers/Pods-AppUsers-frameworks.sh\"\n";
			showEnvVarsInLog = 0;
		};
		CA8609B978D90FA7BABD55A6 /* [CP] Copy Pods Resources */ = {
			isa = PBXShellScriptBuildPhase;
			buildActionMask = 2147483647;
			files = (
			);
			inputPaths = (
			);
			name = "[CP] Copy Pods Resources";
			outputPaths = (
			);
			runOnlyForDeploymentPostprocessing = 0;
			shellPath = /bin/sh;
			shellScript = "\"${SRCROOT}/Pods/Target Support Files/Pods-AppUsers/Pods-AppUsers-resources.sh\"\n";
			showEnvVarsInLog = 0;
		};
		E94D96CECA6A8CE71DD05EFB /* [CP] Check Pods Manifest.lock */ = {
			isa = PBXShellScriptBuildPhase;
			buildActionMask = 2147483647;
			files = (
			);
			inputPaths = (
			);
			name = "[CP] Check Pods Manifest.lock";
			outputPaths = (
			);
			runOnlyForDeploymentPostprocessing = 0;
			shellPath = /bin/sh;
			shellScript = "diff \"${PODS_PODFILE_DIR_PATH}/Podfile.lock\" \"${PODS_ROOT}/Manifest.lock\" > /dev/null\nif [ $? != 0 ] ; then\n    # print error to STDERR\n    echo \"error: The sandbox is not in sync with the Podfile.lock. Run 'pod install' or update your CocoaPods installation.\" >&2\n    exit 1\nfi\n";
			showEnvVarsInLog = 0;
		};
/* End PBXShellScriptBuildPhase section */

/* Begin PBXSourcesBuildPhase section */
		80F10CE81F2CF1A200A11EBF /* Sources */ = {
			isa = PBXSourcesBuildPhase;
			buildActionMask = 2147483647;
			files = (
				80F10CF81F2CF1A200A11EBF /* AppUsers.xcdatamodeld in Sources */,
				80F10CF21F2CF1A200A11EBF /* ViewController.swift in Sources */,
				80F10D271F2D31E700A11EBF /* ContainerViewController.swift in Sources */,
				80F10CF01F2CF1A200A11EBF /* AppDelegate.swift in Sources */,
				80F10D231F2D2FC700A11EBF /* LeftViewController.swift in Sources */,
				80F10D291F2D45B100A11EBF /* MainNavigationViewController.swift in Sources */,
				80F10D211F2D21E400A11EBF /* Extensions.swift in Sources */,
				80F10D251F2D30DD00A11EBF /* RightViewController.swift in Sources */,
			);
			runOnlyForDeploymentPostprocessing = 0;
		};
		80F10CFF1F2CF1A200A11EBF /* Sources */ = {
			isa = PBXSourcesBuildPhase;
			buildActionMask = 2147483647;
			files = (
				80F10D081F2CF1A200A11EBF /* AppUsersTests.swift in Sources */,
			);
			runOnlyForDeploymentPostprocessing = 0;
		};
		80F10D0A1F2CF1A200A11EBF /* Sources */ = {
			isa = PBXSourcesBuildPhase;
			buildActionMask = 2147483647;
			files = (
				80F10D131F2CF1A200A11EBF /* AppUsersUITests.swift in Sources */,
			);
			runOnlyForDeploymentPostprocessing = 0;
		};
/* End PBXSourcesBuildPhase section */

/* Begin PBXTargetDependency section */
		80F10D051F2CF1A200A11EBF /* PBXTargetDependency */ = {
			isa = PBXTargetDependency;
			target = 80F10CEB1F2CF1A200A11EBF /* AppUsers */;
			targetProxy = 80F10D041F2CF1A200A11EBF /* PBXContainerItemProxy */;
		};
		80F10D101F2CF1A200A11EBF /* PBXTargetDependency */ = {
			isa = PBXTargetDependency;
			target = 80F10CEB1F2CF1A200A11EBF /* AppUsers */;
			targetProxy = 80F10D0F1F2CF1A200A11EBF /* PBXContainerItemProxy */;
		};
/* End PBXTargetDependency section */

/* Begin PBXVariantGroup section */
		80F10CF31F2CF1A200A11EBF /* Main.storyboard */ = {
			isa = PBXVariantGroup;
			children = (
				80F10CF41F2CF1A200A11EBF /* Base */,
			);
			name = Main.storyboard;
			sourceTree = "<group>";
		};
		80F10CFB1F2CF1A200A11EBF /* LaunchScreen.storyboard */ = {
			isa = PBXVariantGroup;
			children = (
				80F10CFC1F2CF1A200A11EBF /* Base */,
			);
			name = LaunchScreen.storyboard;
			sourceTree = "<group>";
		};
/* End PBXVariantGroup section */

/* Begin XCBuildConfiguration section */
		80F10D151F2CF1A200A11EBF /* Debug */ = {
			isa = XCBuildConfiguration;
			buildSettings = {
				ALWAYS_SEARCH_USER_PATHS = NO;
				CLANG_ANALYZER_NONNULL = YES;
				CLANG_ANALYZER_NUMBER_OBJECT_CONVERSION = YES_AGGRESSIVE;
				CLANG_CXX_LANGUAGE_STANDARD = "gnu++0x";
				CLANG_CXX_LIBRARY = "libc++";
				CLANG_ENABLE_MODULES = YES;
				CLANG_ENABLE_OBJC_ARC = YES;
				CLANG_WARN_BOOL_CONVERSION = YES;
				CLANG_WARN_CONSTANT_CONVERSION = YES;
				CLANG_WARN_DIRECT_OBJC_ISA_USAGE = YES_ERROR;
				CLANG_WARN_DOCUMENTATION_COMMENTS = YES;
				CLANG_WARN_EMPTY_BODY = YES;
				CLANG_WARN_ENUM_CONVERSION = YES;
				CLANG_WARN_INFINITE_RECURSION = YES;
				CLANG_WARN_INT_CONVERSION = YES;
				CLANG_WARN_OBJC_ROOT_CLASS = YES_ERROR;
				CLANG_WARN_SUSPICIOUS_MOVE = YES;
				CLANG_WARN_UNREACHABLE_CODE = YES;
				CLANG_WARN__DUPLICATE_METHOD_MATCH = YES;
				"CODE_SIGN_IDENTITY[sdk=iphoneos*]" = "iPhone Developer";
				COPY_PHASE_STRIP = NO;
				DEBUG_INFORMATION_FORMAT = dwarf;
				ENABLE_STRICT_OBJC_MSGSEND = YES;
				ENABLE_TESTABILITY = YES;
				GCC_C_LANGUAGE_STANDARD = gnu99;
				GCC_DYNAMIC_NO_PIC = NO;
				GCC_NO_COMMON_BLOCKS = YES;
				GCC_OPTIMIZATION_LEVEL = 0;
				GCC_PREPROCESSOR_DEFINITIONS = (
					"DEBUG=1",
					"$(inherited)",
				);
				GCC_WARN_64_TO_32_BIT_CONVERSION = YES;
				GCC_WARN_ABOUT_RETURN_TYPE = YES_ERROR;
				GCC_WARN_UNDECLARED_SELECTOR = YES;
				GCC_WARN_UNINITIALIZED_AUTOS = YES_AGGRESSIVE;
				GCC_WARN_UNUSED_FUNCTION = YES;
				GCC_WARN_UNUSED_VARIABLE = YES;
				IPHONEOS_DEPLOYMENT_TARGET = 10.3;
				MTL_ENABLE_DEBUG_INFO = YES;
				ONLY_ACTIVE_ARCH = YES;
				SDKROOT = iphoneos;
				SWIFT_ACTIVE_COMPILATION_CONDITIONS = DEBUG;
				SWIFT_OPTIMIZATION_LEVEL = "-Onone";
			};
			name = Debug;
		};
		80F10D161F2CF1A200A11EBF /* Release */ = {
			isa = XCBuildConfiguration;
			buildSettings = {
				ALWAYS_SEARCH_USER_PATHS = NO;
				CLANG_ANALYZER_NONNULL = YES;
				CLANG_ANALYZER_NUMBER_OBJECT_CONVERSION = YES_AGGRESSIVE;
				CLANG_CXX_LANGUAGE_STANDARD = "gnu++0x";
				CLANG_CXX_LIBRARY = "libc++";
				CLANG_ENABLE_MODULES = YES;
				CLANG_ENABLE_OBJC_ARC = YES;
				CLANG_WARN_BOOL_CONVERSION = YES;
				CLANG_WARN_CONSTANT_CONVERSION = YES;
				CLANG_WARN_DIRECT_OBJC_ISA_USAGE = YES_ERROR;
				CLANG_WARN_DOCUMENTATION_COMMENTS = YES;
				CLANG_WARN_EMPTY_BODY = YES;
				CLANG_WARN_ENUM_CONVERSION = YES;
				CLANG_WARN_INFINITE_RECURSION = YES;
				CLANG_WARN_INT_CONVERSION = YES;
				CLANG_WARN_OBJC_ROOT_CLASS = YES_ERROR;
				CLANG_WARN_SUSPICIOUS_MOVE = YES;
				CLANG_WARN_UNREACHABLE_CODE = YES;
				CLANG_WARN__DUPLICATE_METHOD_MATCH = YES;
				"CODE_SIGN_IDENTITY[sdk=iphoneos*]" = "iPhone Developer";
				COPY_PHASE_STRIP = NO;
				DEBUG_INFORMATION_FORMAT = "dwarf-with-dsym";
				ENABLE_NS_ASSERTIONS = NO;
				ENABLE_STRICT_OBJC_MSGSEND = YES;
				GCC_C_LANGUAGE_STANDARD = gnu99;
				GCC_NO_COMMON_BLOCKS = YES;
				GCC_WARN_64_TO_32_BIT_CONVERSION = YES;
				GCC_WARN_ABOUT_RETURN_TYPE = YES_ERROR;
				GCC_WARN_UNDECLARED_SELECTOR = YES;
				GCC_WARN_UNINITIALIZED_AUTOS = YES_AGGRESSIVE;
				GCC_WARN_UNUSED_FUNCTION = YES;
				GCC_WARN_UNUSED_VARIABLE = YES;
				IPHONEOS_DEPLOYMENT_TARGET = 10.3;
				MTL_ENABLE_DEBUG_INFO = NO;
				SDKROOT = iphoneos;
				SWIFT_OPTIMIZATION_LEVEL = "-Owholemodule";
				VALIDATE_PRODUCT = YES;
			};
			name = Release;
		};
		80F10D181F2CF1A200A11EBF /* Debug */ = {
			isa = XCBuildConfiguration;
			baseConfigurationReference = E6AFFFFC51DB4A5EBA115D67 /* Pods-AppUsers.debug.xcconfig */;
			buildSettings = {
				ASSETCATALOG_COMPILER_APPICON_NAME = AppIcon;
				INFOPLIST_FILE = AppUsers/Info.plist;
				LD_RUNPATH_SEARCH_PATHS = "$(inherited) @executable_path/Frameworks";
				PRODUCT_BUNDLE_IDENTIFIER = moisesaq.AppUsers;
				PRODUCT_NAME = "$(TARGET_NAME)";
				SWIFT_VERSION = 3.0;
			};
			name = Debug;
		};
		80F10D191F2CF1A200A11EBF /* Release */ = {
			isa = XCBuildConfiguration;
			baseConfigurationReference = FDB174263BD3912DAEB75093 /* Pods-AppUsers.release.xcconfig */;
			buildSettings = {
				ASSETCATALOG_COMPILER_APPICON_NAME = AppIcon;
				INFOPLIST_FILE = AppUsers/Info.plist;
				LD_RUNPATH_SEARCH_PATHS = "$(inherited) @executable_path/Frameworks";
				PRODUCT_BUNDLE_IDENTIFIER = moisesaq.AppUsers;
				PRODUCT_NAME = "$(TARGET_NAME)";
				SWIFT_VERSION = 3.0;
			};
			name = Release;
		};
		80F10D1B1F2CF1A200A11EBF /* Debug */ = {
			isa = XCBuildConfiguration;
			baseConfigurationReference = 7145A3BC08CE608AFCAFC3EB /* Pods-AppUsersTests.debug.xcconfig */;
			buildSettings = {
				ALWAYS_EMBED_SWIFT_STANDARD_LIBRARIES = YES;
				BUNDLE_LOADER = "$(TEST_HOST)";
				INFOPLIST_FILE = AppUsersTests/Info.plist;
				LD_RUNPATH_SEARCH_PATHS = "$(inherited) @executable_path/Frameworks @loader_path/Frameworks";
				PRODUCT_BUNDLE_IDENTIFIER = moisesaq.AppUsersTests;
				PRODUCT_NAME = "$(TARGET_NAME)";
				SWIFT_VERSION = 3.0;
				TEST_HOST = "$(BUILT_PRODUCTS_DIR)/AppUsers.app/AppUsers";
			};
			name = Debug;
		};
		80F10D1C1F2CF1A200A11EBF /* Release */ = {
			isa = XCBuildConfiguration;
			baseConfigurationReference = 863B5520887D068D2ED24147 /* Pods-AppUsersTests.release.xcconfig */;
			buildSettings = {
				ALWAYS_EMBED_SWIFT_STANDARD_LIBRARIES = YES;
				BUNDLE_LOADER = "$(TEST_HOST)";
				INFOPLIST_FILE = AppUsersTests/Info.plist;
				LD_RUNPATH_SEARCH_PATHS = "$(inherited) @executable_path/Frameworks @loader_path/Frameworks";
				PRODUCT_BUNDLE_IDENTIFIER = moisesaq.AppUsersTests;
				PRODUCT_NAME = "$(TARGET_NAME)";
				SWIFT_VERSION = 3.0;
				TEST_HOST = "$(BUILT_PRODUCTS_DIR)/AppUsers.app/AppUsers";
			};
			name = Release;
		};
		80F10D1E1F2CF1A200A11EBF /* Debug */ = {
			isa = XCBuildConfiguration;
			baseConfigurationReference = AE8DDBD95E3C3D5453BD9D2C /* Pods-AppUsersUITests.debug.xcconfig */;
			buildSettings = {
				ALWAYS_EMBED_SWIFT_STANDARD_LIBRARIES = YES;
				INFOPLIST_FILE = AppUsersUITests/Info.plist;
				LD_RUNPATH_SEARCH_PATHS = "$(inherited) @executable_path/Frameworks @loader_path/Frameworks";
				PRODUCT_BUNDLE_IDENTIFIER = moisesaq.AppUsersUITests;
				PRODUCT_NAME = "$(TARGET_NAME)";
				SWIFT_VERSION = 3.0;
				TEST_TARGET_NAME = AppUsers;
			};
			name = Debug;
		};
		80F10D1F1F2CF1A200A11EBF /* Release */ = {
			isa = XCBuildConfiguration;
			baseConfigurationReference = 93AB3E6C28437765EAAC703D /* Pods-AppUsersUITests.release.xcconfig */;
			buildSettings = {
				ALWAYS_EMBED_SWIFT_STANDARD_LIBRARIES = YES;
				INFOPLIST_FILE = AppUsersUITests/Info.plist;
				LD_RUNPATH_SEARCH_PATHS = "$(inherited) @executable_path/Frameworks @loader_path/Frameworks";
				PRODUCT_BUNDLE_IDENTIFIER = moisesaq.AppUsersUITests;
				PRODUCT_NAME = "$(TARGET_NAME)";
				SWIFT_VERSION = 3.0;
				TEST_TARGET_NAME = AppUsers;
			};
			name = Release;
		};
/* End XCBuildConfiguration section */

/* Begin XCConfigurationList section */
		80F10CE71F2CF1A200A11EBF /* Build configuration list for PBXProject "AppUsers" */ = {
			isa = XCConfigurationList;
			buildConfigurations = (
				80F10D151F2CF1A200A11EBF /* Debug */,
				80F10D161F2CF1A200A11EBF /* Release */,
			);
			defaultConfigurationIsVisible = 0;
			defaultConfigurationName = Release;
		};
		80F10D171F2CF1A200A11EBF /* Build configuration list for PBXNativeTarget "AppUsers" */ = {
			isa = XCConfigurationList;
			buildConfigurations = (
				80F10D181F2CF1A200A11EBF /* Debug */,
				80F10D191F2CF1A200A11EBF /* Release */,
			);
			defaultConfigurationIsVisible = 0;
			defaultConfigurationName = Release;
		};
		80F10D1A1F2CF1A200A11EBF /* Build configuration list for PBXNativeTarget "AppUsersTests" */ = {
			isa = XCConfigurationList;
			buildConfigurations = (
				80F10D1B1F2CF1A200A11EBF /* Debug */,
				80F10D1C1F2CF1A200A11EBF /* Release */,
			);
			defaultConfigurationIsVisible = 0;
			defaultConfigurationName = Release;
		};
		80F10D1D1F2CF1A200A11EBF /* Build configuration list for PBXNativeTarget "AppUsersUITests" */ = {
			isa = XCConfigurationList;
			buildConfigurations = (
				80F10D1E1F2CF1A200A11EBF /* Debug */,
				80F10D1F1F2CF1A200A11EBF /* Release */,
			);
			defaultConfigurationIsVisible = 0;
			defaultConfigurationName = Release;
		};
/* End XCConfigurationList section */

/* Begin XCVersionGroup section */
		80F10CF61F2CF1A200A11EBF /* AppUsers.xcdatamodeld */ = {
			isa = XCVersionGroup;
			children = (
				80F10CF71F2CF1A200A11EBF /* AppUsers.xcdatamodel */,
			);
			currentVersion = 80F10CF71F2CF1A200A11EBF /* AppUsers.xcdatamodel */;
			path = AppUsers.xcdatamodeld;
			sourceTree = "<group>";
			versionGroupType = wrapper.xcdatamodel;
		};
/* End XCVersionGroup section */
	};
	rootObject = 80F10CE41F2CF1A200A11EBF /* Project object */;
}
